
Microsoft Visual Studio Solution File, Format Version 12.00
# Visual Studio Version 16
VisualStudioVersion = 16.0.30804.86
MinimumVisualStudioVersion = 10.0.40219.1
Project("{9A19103F-16F7-4668-BE54-9A1E7A4F7556}") = "Kamp1", "Kamp1\Kamp1.csproj", "{BC734AD8-973A-4306-9907-4EB616157B13}"
EndProject
Project("{9A19103F-16F7-4668-BE54-9A1E7A4F7556}") = "Donguler", "Donguler\Donguler.csproj", "{0B1F54DC-607B-49F0-A6A7-AA3A7C9D53BD}"
EndProject
Project("{9A19103F-16F7-4668-BE54-9A1E7A4F7556}") = "Classintro", "Classintro\Classintro.csproj", "{0E029B8B-29E0-4736-8890-8EF60BDEA097}"
EndProject
Project("{FAE04EC0-301F-11D3-BF4B-00C04F79EFBC}") = "Metodlar", "Metodlar\Metodlar.csproj", "{9BBF0923-0161-4888-BAED-0F298AADB6DD}"
EndProject
Project("{FAE04EC0-301F-11D3-BF4B-00C04F79EFBC}") = "Matematik", "Matematik\Matematik.csproj", "{5B2213AC-8AAD-4CD6-AD2C-AA3CC45348B8}"
EndProject
Project("{FAE04EC0-301F-11D3-BF4B-00C04F79EFBC}") = "DegerVeReferansTipler", "DegerVeReferansTipler\DegerVeReferansTipler.csproj", "{643D5968-2C77-47EF-BBD7-50DDF4B55EE7}"
EndProject
Global
	GlobalSection(SolutionConfigurationPlatforms) = preSolution
		Debug|Any CPU = Debug|Any CPU
		Release|Any CPU = Release|Any CPU
	EndGlobalSection
	GlobalSection(ProjectConfigurationPlatforms) = postSolution
		{BC734AD8-973A-4306-9907-4EB616157B13}.Debug|Any CPU.ActiveCfg = Debug|Any CPU
		{BC734AD8-973A-4306-9907-4EB616157B13}.Debug|Any CPU.Build.0 = Debug|Any CPU
		{BC734AD8-973A-4306-9907-4EB616157B13}.Release|Any CPU.ActiveCfg = Release|Any CPU
		{BC734AD8-973A-4306-9907-4EB616157B13}.Release|Any CPU.Build.0 = Release|Any CPU
		{0B1F54DC-607B-49F0-A6A7-AA3A7C9D53BD}.Debug|Any CPU.ActiveCfg = Debug|Any CPU
		{0B1F54DC-607B-49F0-A6A7-AA3A7C9D53BD}.Debug|Any CPU.Build.0 = Debug|Any CPU
		{0B1F54DC-607B-49F0-A6A7-AA3A7C9D53BD}.Release|Any CPU.ActiveCfg = Release|Any CPU
		{0B1F54DC-607B-49F0-A6A7-AA3A7C9D53BD}.Release|Any CPU.Build.0 = Release|Any CPU
		{0E029B8B-29E0-4736-8890-8EF60BDEA097}.Debug|Any CPU.ActiveCfg = Debug|Any CPU
		{0E029B8B-29E0-4736-8890-8EF60BDEA097}.Debug|Any CPU.Build.0 = Debug|Any CPU
		{0E029B8B-29E0-4736-8890-8EF60BDEA097}.Release|Any CPU.ActiveCfg = Release|Any CPU
		{0E029B8B-29E0-4736-8890-8EF60BDEA097}.Release|Any CPU.Build.0 = Release|Any CPU
		{9BBF0923-0161-4888-BAED-0F298AADB6DD}.Debug|Any CPU.ActiveCfg = Debug|Any CPU
		{9BBF0923-0161-4888-BAED-0F298AADB6DD}.Debug|Any CPU.Build.0 = Debug|Any CPU
		{9BBF0923-0161-4888-BAED-0F298AADB6DD}.Release|Any CPU.ActiveCfg = Release|Any CPU
		{9BBF0923-0161-4888-BAED-0F298AADB6DD}.Release|Any CPU.Build.0 = Release|Any CPU
		{5B2213AC-8AAD-4CD6-AD2C-AA3CC45348B8}.Debug|Any CPU.ActiveCfg = Debug|Any CPU
		{5B2213AC-8AAD-4CD6-AD2C-AA3CC45348B8}.Debug|Any CPU.Build.0 = Debug|Any CPU
		{5B2213AC-8AAD-4CD6-AD2C-AA3CC45348B8}.Release|Any CPU.ActiveCfg = Release|Any CPU
		{5B2213AC-8AAD-4CD6-AD2C-AA3CC45348B8}.Release|Any CPU.Build.0 = Release|Any CPU
		{643D5968-2C77-47EF-BBD7-50DDF4B55EE7}.Debug|Any CPU.ActiveCfg = Debug|Any CPU
		{643D5968-2C77-47EF-BBD7-50DDF4B55EE7}.Debug|Any CPU.Build.0 = Debug|Any CPU
		{643D5968-2C77-47EF-BBD7-50DDF4B55EE7}.Release|Any CPU.ActiveCfg = Release|Any CPU
		{643D5968-2C77-47EF-BBD7-50DDF4B55EE7}.Release|Any CPU.Build.0 = Release|Any CPU
	EndGlobalSection
	GlobalSection(SolutionProperties) = preSolution
		HideSolutionNode = FALSE
	EndGlobalSection
	GlobalSection(ExtensibilityGlobals) = postSolution
		SolutionGuid = {1EFE8BAC-AE89-4A67-ADBE-A15A218D9717}
	EndGlobalSection
EndGlobal
